
Microsoft Visual Studio Solution File, Format Version 12.00
# Visual Studio Version 17
VisualStudioVersion = 17.6.33829.357
MinimumVisualStudioVersion = 10.0.40219.1
Project("{FAE04EC0-301F-11D3-BF4B-00C04F79EFBC}") = "SFDEnerji.WEB", "SFDEnerji.WEB\SFDEnerji.WEB.csproj", "{259D11F6-074B-44DD-8B79-57203E843127}"
EndProject
Project("{FAE04EC0-301F-11D3-BF4B-00C04F79EFBC}") = "SFDEnerji.Data", "SFDEnerji.Data\SFDEnerji.Data.csproj", "{BCF2A972-1434-4FEE-90E1-149A8EE14159}"
EndProject
Project("{FAE04EC0-301F-11D3-BF4B-00C04F79EFBC}") = "SFDEnerji.Models", "SFDEnerji.Models\SFDEnerji.Models.csproj", "{B0C7A72F-B727-4690-817B-1C864F864DDE}"
EndProject
Project("{FAE04EC0-301F-11D3-BF4B-00C04F79EFBC}") = "SFDEnerji.Repository", "SFDEnerji.Repository\SFDEnerji.Repository.csproj", "{44C232C8-53A2-4D02-8156-3C367BB04336}"
EndProject
Project("{FAE04EC0-301F-11D3-BF4B-00C04F79EFBC}") = "SFDEnerji.Utility", "SFDEnerji.Utility\SFDEnerji.Utility.csproj", "{44A1BC0D-4553-4567-A36E-9A277124AB88}"
EndProject
Global
	GlobalSection(SolutionConfigurationPlatforms) = preSolution
		Debug|Any CPU = Debug|Any CPU
		Release|Any CPU = Release|Any CPU
	EndGlobalSection
	GlobalSection(ProjectConfigurationPlatforms) = postSolution
		{259D11F6-074B-44DD-8B79-57203E843127}.Debug|Any CPU.ActiveCfg = Debug|Any CPU
		{259D11F6-074B-44DD-8B79-57203E843127}.Debug|Any CPU.Build.0 = Debug|Any CPU
		{259D11F6-074B-44DD-8B79-57203E843127}.Release|Any CPU.ActiveCfg = Release|Any CPU
		{259D11F6-074B-44DD-8B79-57203E843127}.Release|Any CPU.Build.0 = Release|Any CPU
		{BCF2A972-1434-4FEE-90E1-149A8EE14159}.Debug|Any CPU.ActiveCfg = Debug|Any CPU
		{BCF2A972-1434-4FEE-90E1-149A8EE14159}.Debug|Any CPU.Build.0 = Debug|Any CPU
		{BCF2A972-1434-4FEE-90E1-149A8EE14159}.Release|Any CPU.ActiveCfg = Release|Any CPU
		{BCF2A972-1434-4FEE-90E1-149A8EE14159}.Release|Any CPU.Build.0 = Release|Any CPU
		{B0C7A72F-B727-4690-817B-1C864F864DDE}.Debug|Any CPU.ActiveCfg = Debug|Any CPU
		{B0C7A72F-B727-4690-817B-1C864F864DDE}.Debug|Any CPU.Build.0 = Debug|Any CPU
		{B0C7A72F-B727-4690-817B-1C864F864DDE}.Release|Any CPU.ActiveCfg = Release|Any CPU
		{B0C7A72F-B727-4690-817B-1C864F864DDE}.Release|Any CPU.Build.0 = Release|Any CPU
		{44C232C8-53A2-4D02-8156-3C367BB04336}.Debug|Any CPU.ActiveCfg = Debug|Any CPU
		{44C232C8-53A2-4D02-8156-3C367BB04336}.Debug|Any CPU.Build.0 = Debug|Any CPU
		{44C232C8-53A2-4D02-8156-3C367BB04336}.Release|Any CPU.ActiveCfg = Release|Any CPU
		{44C232C8-53A2-4D02-8156-3C367BB04336}.Release|Any CPU.Build.0 = Release|Any CPU
		{44A1BC0D-4553-4567-A36E-9A277124AB88}.Debug|Any CPU.ActiveCfg = Debug|Any CPU
		{44A1BC0D-4553-4567-A36E-9A277124AB88}.Debug|Any CPU.Build.0 = Debug|Any CPU
		{44A1BC0D-4553-4567-A36E-9A277124AB88}.Release|Any CPU.ActiveCfg = Release|Any CPU
		{44A1BC0D-4553-4567-A36E-9A277124AB88}.Release|Any CPU.Build.0 = Release|Any CPU
	EndGlobalSection
	GlobalSection(SolutionProperties) = preSolution
		HideSolutionNode = FALSE
	EndGlobalSection
	GlobalSection(ExtensibilityGlobals) = postSolution
		SolutionGuid = {D8172BF8-F508-4D85-AB0B-86E86F2F880B}
	EndGlobalSection
EndGlobal
